github.com/adeithe/go-twitch v0.4.1 h1:y45IXnzPFfDZfStl42LAZw/tOoIfUShVfR91XvXBt2U=
github.com/adeithe/go-twitch v0.4.1/go.mod h1:UPJJgFZo3FjecmLENm4GaNwF33fVbTwAwjElPgpmz4s=
github.com/glichtv/kick-sdk v1.0.0 h1:oqy90TL0yuD4S6kK6zSDlp3mYKh7PaBL8gz82mxakvc=
github.com/glichtv/kick-sdk v1.0.0/go.mod h1:uwAf7BB4YHdMkoxbTtniMC++ie24HCqZTCEIDjqzh/I=
github.com/golang-jwt/jwt/v4 v4.5.2 h1:YtQM7lnr8iZ+j5q71MGKkNw9Mn7AjHM68uc9g5fXeUI=
github.com/golang-jwt/jwt/v4 v4.5.2/go.mod h1:m21LjoU+eqJr34lmDMbreY2eSTRJ1cv77w39/MY0Ch0=
github.com/gorilla/websocket v1.5.3 h1:saDtZ6Pbx/0u+bgYQ3q96pZgCzfhKXGPqt7kZ72aNNg=
github.com/gorilla/websocket v1.5.3/go.mod h1:YR8l580nyteQvAITg2hZ9XVh4b55+EU/adAjf1fMHhE=
github.com/johanvandegriff/kick-chat-wrapper v0.0.1 h1:XjRaoLNQ0/5iZdPrQ+wpufHBY1QIRMtwXC4UjQT/WEI=
github.com/johanvandegriff/kick-chat-wrapper v0.0.1/go.mod h1:CAJaTTh57gd0M7+ZYNIEYpJ4kHK8aG2nBh93gWQvJOc=
github.com/joho/godotenv v1.5.1 h1:7eLL/+HRGLY0ldzfGMeQkb7vMd0as4CfYvUVzLqw0N0=
github.com/joho/godotenv v1.5.1/go.mod h1:f4LDr5Voq0i2e/R5DDNOoa2zzDfwtkZa6DnEwAbqwq4=
github.com/nicklaw5/helix/v2 v2.32.0 h1:ZRPt+wRUMQqpny6yZKVY9rUGNwv+ZmIh75fSiopMXuY=
github.com/nicklaw5/helix/v2 v2.32.0/go.mod h1:KaXa2mb2kBzsDana9RbXevTgnfU95DMoSORWo2hqlWA=
